// !$*UTF8*$!
{
	archiveVersion = 1;
	classes = {
	};
	objectVersion = 56;
	objects = {

/* Begin PBXBuildFile section */
		09EFB92329D39BD9004EB172 /* AppDelegate.swift in Sources */ = {isa = PBXBuildFile; fileRef = 09EFB92229D39BD9004EB172 /* AppDelegate.swift */; };
		09EFB92529D39BD9004EB172 /* SceneDelegate.swift in Sources */ = {isa = PBXBuildFile; fileRef = 09EFB92429D39BD9004EB172 /* SceneDelegate.swift */; };
		09EFB92729D39BD9004EB172 /* ViewController.swift in Sources */ = {isa = PBXBuildFile; fileRef = 09EFB92629D39BD9004EB172 /* ViewController.swift */; };
		09EFB92A29D39BD9004EB172 /* Main.storyboard in Resources */ = {isa = PBXBuildFile; fileRef = 09EFB92829D39BD9004EB172 /* Main.storyboard */; };
		09EFB92C29D39BDA004EB172 /* Assets.xcassets in Resources */ = {isa = PBXBuildFile; fileRef = 09EFB92B29D39BDA004EB172 /* Assets.xcassets */; };
		09EFB92F29D39BDA004EB172 /* LaunchScreen.storyboard in Resources */ = {isa = PBXBuildFile; fileRef = 09EFB92D29D39BDA004EB172 /* LaunchScreen.storyboard */; };
		09EFB93A29D39BDB004EB172 /* EventsAppTests.swift in Sources */ = {isa = PBXBuildFile; fileRef = 09EFB93929D39BDB004EB172 /* EventsAppTests.swift */; };
		09EFB94429D39BDB004EB172 /* EventsAppUITests.swift in Sources */ = {isa = PBXBuildFile; fileRef = 09EFB94329D39BDB004EB172 /* EventsAppUITests.swift */; };
		09EFB94629D39BDB004EB172 /* EventsAppUITestsLaunchTests.swift in Sources */ = {isa = PBXBuildFile; fileRef = 09EFB94529D39BDB004EB172 /* EventsAppUITestsLaunchTests.swift */; };
		09EFB95329D39C88004EB172 /* AppCoordinator.swift in Sources */ = {isa = PBXBuildFile; fileRef = 09EFB95229D39C88004EB172 /* AppCoordinator.swift */; };
		09EFB95529D39F37004EB172 /* EventListCoordinator.swift in Sources */ = {isa = PBXBuildFile; fileRef = 09EFB95429D39F37004EB172 /* EventListCoordinator.swift */; };
		09EFB95729D39FC3004EB172 /* EventListViewController.swift in Sources */ = {isa = PBXBuildFile; fileRef = 09EFB95629D39FC3004EB172 /* EventListViewController.swift */; };
		09EFB95929D3A30F004EB172 /* UIColor+Extensions.swift in Sources */ = {isa = PBXBuildFile; fileRef = 09EFB95829D3A30F004EB172 /* UIColor+Extensions.swift */; };
		09EFB96229D4A1C3004EB172 /* EventsApp.xcdatamodeld in Sources */ = {isa = PBXBuildFile; fileRef = 09EFB96029D4A1C3004EB172 /* EventsApp.xcdatamodeld */; };
		09EFB96429D4A2E1004EB172 /* CoreDataManager.swift in Sources */ = {isa = PBXBuildFile; fileRef = 09EFB96329D4A2E1004EB172 /* CoreDataManager.swift */; };
		09EFB96629D4A7CB004EB172 /* EventsListViewModel.swift in Sources */ = {isa = PBXBuildFile; fileRef = 09EFB96529D4A7CB004EB172 /* EventsListViewModel.swift */; };
		09EFB96829D4D648004EB172 /* AddEventCoordinator.swift in Sources */ = {isa = PBXBuildFile; fileRef = 09EFB96729D4D648004EB172 /* AddEventCoordinator.swift */; };
/* End PBXBuildFile section */

/* Begin PBXContainerItemProxy section */
		09EFB93629D39BDB004EB172 /* PBXContainerItemProxy */ = {
			isa = PBXContainerItemProxy;
			containerPortal = 09EFB91729D39BD9004EB172 /* Project object */;
			proxyType = 1;
			remoteGlobalIDString = 09EFB91E29D39BD9004EB172;
			remoteInfo = EventsApp;
		};
		09EFB94029D39BDB004EB172 /* PBXContainerItemProxy */ = {
			isa = PBXContainerItemProxy;
			containerPortal = 09EFB91729D39BD9004EB172 /* Project object */;
			proxyType = 1;
			remoteGlobalIDString = 09EFB91E29D39BD9004EB172;
			remoteInfo = EventsApp;
		};
/* End PBXContainerItemProxy section */

/* Begin PBXFileReference section */
		09EFB91F29D39BD9004EB172 /* EventsApp.app */ = {isa = PBXFileReference; explicitFileType = wrapper.application; includeInIndex = 0; path = EventsApp.app; sourceTree = BUILT_PRODUCTS_DIR; };
		09EFB92229D39BD9004EB172 /* AppDelegate.swift */ = {isa = PBXFileReference; lastKnownFileType = sourcecode.swift; path = AppDelegate.swift; sourceTree = "<group>"; };
		09EFB92429D39BD9004EB172 /* SceneDelegate.swift */ = {isa = PBXFileReference; lastKnownFileType = sourcecode.swift; path = SceneDelegate.swift; sourceTree = "<group>"; };
		09EFB92629D39BD9004EB172 /* ViewController.swift */ = {isa = PBXFileReference; lastKnownFileType = sourcecode.swift; path = ViewController.swift; sourceTree = "<group>"; };
		09EFB92929D39BD9004EB172 /* Base */ = {isa = PBXFileReference; lastKnownFileType = file.storyboard; name = Base; path = Base.lproj/Main.storyboard; sourceTree = "<group>"; };
		09EFB92B29D39BDA004EB172 /* Assets.xcassets */ = {isa = PBXFileReference; lastKnownFileType = folder.assetcatalog; path = Assets.xcassets; sourceTree = "<group>"; };
		09EFB92E29D39BDA004EB172 /* Base */ = {isa = PBXFileReference; lastKnownFileType = file.storyboard; name = Base; path = Base.lproj/LaunchScreen.storyboard; sourceTree = "<group>"; };
		09EFB93029D39BDA004EB172 /* Info.plist */ = {isa = PBXFileReference; lastKnownFileType = text.plist.xml; path = Info.plist; sourceTree = "<group>"; };
		09EFB93529D39BDB004EB172 /* EventsAppTests.xctest */ = {isa = PBXFileReference; explicitFileType = wrapper.cfbundle; includeInIndex = 0; path = EventsAppTests.xctest; sourceTree = BUILT_PRODUCTS_DIR; };
		09EFB93929D39BDB004EB172 /* EventsAppTests.swift */ = {isa = PBXFileReference; lastKnownFileType = sourcecode.swift; path = EventsAppTests.swift; sourceTree = "<group>"; };
		09EFB93F29D39BDB004EB172 /* EventsAppUITests.xctest */ = {isa = PBXFileReference; explicitFileType = wrapper.cfbundle; includeInIndex = 0; path = EventsAppUITests.xctest; sourceTree = BUILT_PRODUCTS_DIR; };
		09EFB94329D39BDB004EB172 /* EventsAppUITests.swift */ = {isa = PBXFileReference; lastKnownFileType = sourcecode.swift; path = EventsAppUITests.swift; sourceTree = "<group>"; };
		09EFB94529D39BDB004EB172 /* EventsAppUITestsLaunchTests.swift */ = {isa = PBXFileReference; lastKnownFileType = sourcecode.swift; path = EventsAppUITestsLaunchTests.swift; sourceTree = "<group>"; };
		09EFB95229D39C88004EB172 /* AppCoordinator.swift */ = {isa = PBXFileReference; lastKnownFileType = sourcecode.swift; path = AppCoordinator.swift; sourceTree = "<group>"; };
		09EFB95429D39F37004EB172 /* EventListCoordinator.swift */ = {isa = PBXFileReference; lastKnownFileType = sourcecode.swift; path = EventListCoordinator.swift; sourceTree = "<group>"; };
		09EFB95629D39FC3004EB172 /* EventListViewController.swift */ = {isa = PBXFileReference; lastKnownFileType = sourcecode.swift; path = EventListViewController.swift; sourceTree = "<group>"; };
		09EFB95829D3A30F004EB172 /* UIColor+Extensions.swift */ = {isa = PBXFileReference; lastKnownFileType = sourcecode.swift; path = "UIColor+Extensions.swift"; sourceTree = "<group>"; };
		09EFB96129D4A1C3004EB172 /* EventsApp.xcdatamodel */ = {isa = PBXFileReference; lastKnownFileType = wrapper.xcdatamodel; path = EventsApp.xcdatamodel; sourceTree = "<group>"; };
		09EFB96329D4A2E1004EB172 /* CoreDataManager.swift */ = {isa = PBXFileReference; lastKnownFileType = sourcecode.swift; path = CoreDataManager.swift; sourceTree = "<group>"; };
		09EFB96529D4A7CB004EB172 /* EventsListViewModel.swift */ = {isa = PBXFileReference; lastKnownFileType = sourcecode.swift; path = EventsListViewModel.swift; sourceTree = "<group>"; };
		09EFB96729D4D648004EB172 /* AddEventCoordinator.swift */ = {isa = PBXFileReference; lastKnownFileType = sourcecode.swift; path = AddEventCoordinator.swift; sourceTree = "<group>"; };
/* End PBXFileReference section */

/* Begin PBXFrameworksBuildPhase section */
		09EFB91C29D39BD9004EB172 /* Frameworks */ = {
			isa = PBXFrameworksBuildPhase;
			buildActionMask = 2147483647;
			files = (
			);
			runOnlyForDeploymentPostprocessing = 0;
		};
		09EFB93229D39BDB004EB172 /* Frameworks */ = {
			isa = PBXFrameworksBuildPhase;
			buildActionMask = 2147483647;
			files = (
			);
			runOnlyForDeploymentPostprocessing = 0;
		};
		09EFB93C29D39BDB004EB172 /* Frameworks */ = {
			isa = PBXFrameworksBuildPhase;
			buildActionMask = 2147483647;
			files = (
			);
			runOnlyForDeploymentPostprocessing = 0;
		};
/* End PBXFrameworksBuildPhase section */

/* Begin PBXGroup section */
		09EFB91629D39BD9004EB172 = {
			isa = PBXGroup;
			children = (
				09EFB92129D39BD9004EB172 /* EventsApp */,
				09EFB93829D39BDB004EB172 /* EventsAppTests */,
				09EFB94229D39BDB004EB172 /* EventsAppUITests */,
				09EFB92029D39BD9004EB172 /* Products */,
			);
			sourceTree = "<group>";
		};
		09EFB92029D39BD9004EB172 /* Products */ = {
			isa = PBXGroup;
			children = (
				09EFB91F29D39BD9004EB172 /* EventsApp.app */,
				09EFB93529D39BDB004EB172 /* EventsAppTests.xctest */,
				09EFB93F29D39BDB004EB172 /* EventsAppUITests.xctest */,
			);
			name = Products;
			sourceTree = "<group>";
		};
		09EFB92129D39BD9004EB172 /* EventsApp */ = {
			isa = PBXGroup;
			children = (
				09EFB95C29D4087B004EB172 /* Extensions */,
				09EFB95B29D40869004EB172 /* Coordinators */,
				09EFB95A29D40856004EB172 /* Conntrollers */,
				09EFB92229D39BD9004EB172 /* AppDelegate.swift */,
				09EFB92429D39BD9004EB172 /* SceneDelegate.swift */,
				09EFB92629D39BD9004EB172 /* ViewController.swift */,
				09EFB92829D39BD9004EB172 /* Main.storyboard */,
				09EFB92B29D39BDA004EB172 /* Assets.xcassets */,
				09EFB92D29D39BDA004EB172 /* LaunchScreen.storyboard */,
				09EFB93029D39BDA004EB172 /* Info.plist */,
				09EFB96029D4A1C3004EB172 /* EventsApp.xcdatamodeld */,
				09EFB96329D4A2E1004EB172 /* CoreDataManager.swift */,
				09EFB96529D4A7CB004EB172 /* EventsListViewModel.swift */,
			);
			path = EventsApp;
			sourceTree = "<group>";
		};
		09EFB93829D39BDB004EB172 /* EventsAppTests */ = {
			isa = PBXGroup;
			children = (
				09EFB93929D39BDB004EB172 /* EventsAppTests.swift */,
			);
			path = EventsAppTests;
			sourceTree = "<group>";
		};
		09EFB94229D39BDB004EB172 /* EventsAppUITests */ = {
			isa = PBXGroup;
			children = (
				09EFB94329D39BDB004EB172 /* EventsAppUITests.swift */,
				09EFB94529D39BDB004EB172 /* EventsAppUITestsLaunchTests.swift */,
			);
			path = EventsAppUITests;
			sourceTree = "<group>";
		};
		09EFB95A29D40856004EB172 /* Conntrollers */ = {
			isa = PBXGroup;
			children = (
				09EFB95629D39FC3004EB172 /* EventListViewController.swift */,
			);
			path = Conntrollers;
			sourceTree = "<group>";
		};
		09EFB95B29D40869004EB172 /* Coordinators */ = {
			isa = PBXGroup;
			children = (
				09EFB95229D39C88004EB172 /* AppCoordinator.swift */,
				09EFB95429D39F37004EB172 /* EventListCoordinator.swift */,
				09EFB96729D4D648004EB172 /* AddEventCoordinator.swift */,
			);
			path = Coordinators;
			sourceTree = "<group>";
		};
		09EFB95C29D4087B004EB172 /* Extensions */ = {
			isa = PBXGroup;
			children = (
				09EFB95829D3A30F004EB172 /* UIColor+Extensions.swift */,
			);
			path = Extensions;
			sourceTree = "<group>";
		};
/* End PBXGroup section */

/* Begin PBXNativeTarget section */
		09EFB91E29D39BD9004EB172 /* EventsApp */ = {
			isa = PBXNativeTarget;
			buildConfigurationList = 09EFB94929D39BDB004EB172 /* Build configuration list for PBXNativeTarget "EventsApp" */;
			buildPhases = (
				09EFB91B29D39BD9004EB172 /* Sources */,
				09EFB91C29D39BD9004EB172 /* Frameworks */,
				09EFB91D29D39BD9004EB172 /* Resources */,
			);
			buildRules = (
			);
			dependencies = (
			);
			name = EventsApp;
			productName = EventsApp;
			productReference = 09EFB91F29D39BD9004EB172 /* EventsApp.app */;
			productType = "com.apple.product-type.application";
		};
		09EFB93429D39BDB004EB172 /* EventsAppTests */ = {
			isa = PBXNativeTarget;
			buildConfigurationList = 09EFB94C29D39BDB004EB172 /* Build configuration list for PBXNativeTarget "EventsAppTests" */;
			buildPhases = (
				09EFB93129D39BDB004EB172 /* Sources */,
				09EFB93229D39BDB004EB172 /* Frameworks */,
				09EFB93329D39BDB004EB172 /* Resources */,
			);
			buildRules = (
			);
			dependencies = (
				09EFB93729D39BDB004EB172 /* PBXTargetDependency */,
			);
			name = EventsAppTests;
			productName = EventsAppTests;
			productReference = 09EFB93529D39BDB004EB172 /* EventsAppTests.xctest */;
			productType = "com.apple.product-type.bundle.unit-test";
		};
		09EFB93E29D39BDB004EB172 /* EventsAppUITests */ = {
			isa = PBXNativeTarget;
			buildConfigurationList = 09EFB94F29D39BDB004EB172 /* Build configuration list for PBXNativeTarget "EventsAppUITests" */;
			buildPhases = (
				09EFB93B29D39BDB004EB172 /* Sources */,
				09EFB93C29D39BDB004EB172 /* Frameworks */,
				09EFB93D29D39BDB004EB172 /* Resources */,
			);
			buildRules = (
			);
			dependencies = (
				09EFB94129D39BDB004EB172 /* PBXTargetDependency */,
			);
			name = EventsAppUITests;
			productName = EventsAppUITests;
			productReference = 09EFB93F29D39BDB004EB172 /* EventsAppUITests.xctest */;
			productType = "com.apple.product-type.bundle.ui-testing";
		};
/* End PBXNativeTarget section */

/* Begin PBXProject section */
		09EFB91729D39BD9004EB172 /* Project object */ = {
			isa = PBXProject;
			attributes = {
				BuildIndependentTargetsInParallel = 1;
				LastSwiftUpdateCheck = 1420;
				LastUpgradeCheck = 1420;
				TargetAttributes = {
					09EFB91E29D39BD9004EB172 = {
						CreatedOnToolsVersion = 14.2;
					};
					09EFB93429D39BDB004EB172 = {
						CreatedOnToolsVersion = 14.2;
						TestTargetID = 09EFB91E29D39BD9004EB172;
					};
					09EFB93E29D39BDB004EB172 = {
						CreatedOnToolsVersion = 14.2;
						TestTargetID = 09EFB91E29D39BD9004EB172;
					};
				};
			};
			buildConfigurationList = 09EFB91A29D39BD9004EB172 /* Build configuration list for PBXProject "EventsApp" */;
			compatibilityVersion = "Xcode 14.0";
			developmentRegion = en;
			hasScannedForEncodings = 0;
			knownRegions = (
				en,
				Base,
			);
			mainGroup = 09EFB91629D39BD9004EB172;
			productRefGroup = 09EFB92029D39BD9004EB172 /* Products */;
			projectDirPath = "";
			projectRoot = "";
			targets = (
				09EFB91E29D39BD9004EB172 /* EventsApp */,
				09EFB93429D39BDB004EB172 /* EventsAppTests */,
				09EFB93E29D39BDB004EB172 /* EventsAppUITests */,
			);
		};
/* End PBXProject section */

/* Begin PBXResourcesBuildPhase section */
		09EFB91D29D39BD9004EB172 /* Resources */ = {
			isa = PBXResourcesBuildPhase;
			buildActionMask = 2147483647;
			files = (
				09EFB92F29D39BDA004EB172 /* LaunchScreen.storyboard in Resources */,
				09EFB92C29D39BDA004EB172 /* Assets.xcassets in Resources */,
				09EFB92A29D39BD9004EB172 /* Main.storyboard in Resources */,
			);
			runOnlyForDeploymentPostprocessing = 0;
		};
		09EFB93329D39BDB004EB172 /* Resources */ = {
			isa = PBXResourcesBuildPhase;
			buildActionMask = 2147483647;
			files = (
			);
			runOnlyForDeploymentPostprocessing = 0;
		};
		09EFB93D29D39BDB004EB172 /* Resources */ = {
			isa = PBXResourcesBuildPhase;
			buildActionMask = 2147483647;
			files = (
			);
			runOnlyForDeploymentPostprocessing = 0;
		};
/* End PBXResourcesBuildPhase section */

/* Begin PBXSourcesBuildPhase section */
		09EFB91B29D39BD9004EB172 /* Sources */ = {
			isa = PBXSourcesBuildPhase;
			buildActionMask = 2147483647;
			files = (
				09EFB95929D3A30F004EB172 /* UIColor+Extensions.swift in Sources */,
				09EFB95329D39C88004EB172 /* AppCoordinator.swift in Sources */,
				09EFB95729D39FC3004EB172 /* EventListViewController.swift in Sources */,
				09EFB92729D39BD9004EB172 /* ViewController.swift in Sources */,
				09EFB96229D4A1C3004EB172 /* EventsApp.xcdatamodeld in Sources */,
				09EFB92329D39BD9004EB172 /* AppDelegate.swift in Sources */,
				09EFB96429D4A2E1004EB172 /* CoreDataManager.swift in Sources */,
				09EFB92529D39BD9004EB172 /* SceneDelegate.swift in Sources */,
				09EFB95529D39F37004EB172 /* EventListCoordinator.swift in Sources */,
				09EFB96829D4D648004EB172 /* AddEventCoordinator.swift in Sources */,
				09EFB96629D4A7CB004EB172 /* EventsListViewModel.swift in Sources */,
			);
			runOnlyForDeploymentPostprocessing = 0;
		};
		09EFB93129D39BDB004EB172 /* Sources */ = {
			isa = PBXSourcesBuildPhase;
			buildActionMask = 2147483647;
			files = (
				09EFB93A29D39BDB004EB172 /* EventsAppTests.swift in Sources */,
			);
			runOnlyForDeploymentPostprocessing = 0;
		};
		09EFB93B29D39BDB004EB172 /* Sources */ = {
			isa = PBXSourcesBuildPhase;
			buildActionMask = 2147483647;
			files = (
				09EFB94429D39BDB004EB172 /* EventsAppUITests.swift in Sources */,
				09EFB94629D39BDB004EB172 /* EventsAppUITestsLaunchTests.swift in Sources */,
			);
			runOnlyForDeploymentPostprocessing = 0;
		};
/* End PBXSourcesBuildPhase section */

/* Begin PBXTargetDependency section */
		09EFB93729D39BDB004EB172 /* PBXTargetDependency */ = {
			isa = PBXTargetDependency;
			target = 09EFB91E29D39BD9004EB172 /* EventsApp */;
			targetProxy = 09EFB93629D39BDB004EB172 /* PBXContainerItemProxy */;
		};
		09EFB94129D39BDB004EB172 /* PBXTargetDependency */ = {
			isa = PBXTargetDependency;
			target = 09EFB91E29D39BD9004EB172 /* EventsApp */;
			targetProxy = 09EFB94029D39BDB004EB172 /* PBXContainerItemProxy */;
		};
/* End PBXTargetDependency section */

/* Begin PBXVariantGroup section */
		09EFB92829D39BD9004EB172 /* Main.storyboard */ = {
			isa = PBXVariantGroup;
			children = (
				09EFB92929D39BD9004EB172 /* Base */,
			);
			name = Main.storyboard;
			sourceTree = "<group>";
		};
		09EFB92D29D39BDA004EB172 /* LaunchScreen.storyboard */ = {
			isa = PBXVariantGroup;
			children = (
				09EFB92E29D39BDA004EB172 /* Base */,
			);
			name = LaunchScreen.storyboard;
			sourceTree = "<group>";
		};
/* End PBXVariantGroup section */

/* Begin XCBuildConfiguration section */
		09EFB94729D39BDB004EB172 /* Debug */ = {
			isa = XCBuildConfiguration;
			buildSettings = {
				ALWAYS_SEARCH_USER_PATHS = NO;
				CLANG_ANALYZER_NONNULL = YES;
				CLANG_ANALYZER_NUMBER_OBJECT_CONVERSION = YES_AGGRESSIVE;
				CLANG_CXX_LANGUAGE_STANDARD = "gnu++20";
				CLANG_ENABLE_MODULES = YES;
				CLANG_ENABLE_OBJC_ARC = YES;
				CLANG_ENABLE_OBJC_WEAK = YES;
				CLANG_WARN_BLOCK_CAPTURE_AUTORELEASING = YES;
				CLANG_WARN_BOOL_CONVERSION = YES;
				CLANG_WARN_COMMA = YES;
				CLANG_WARN_CONSTANT_CONVERSION = YES;
				CLANG_WARN_DEPRECATED_OBJC_IMPLEMENTATIONS = YES;
				CLANG_WARN_DIRECT_OBJC_ISA_USAGE = YES_ERROR;
				CLANG_WARN_DOCUMENTATION_COMMENTS = YES;
				CLANG_WARN_EMPTY_BODY = YES;
				CLANG_WARN_ENUM_CONVERSION = YES;
				CLANG_WARN_INFINITE_RECURSION = YES;
				CLANG_WARN_INT_CONVERSION = YES;
				CLANG_WARN_NON_LITERAL_NULL_CONVERSION = YES;
				CLANG_WARN_OBJC_IMPLICIT_RETAIN_SELF = YES;
				CLANG_WARN_OBJC_LITERAL_CONVERSION = YES;
				CLANG_WARN_OBJC_ROOT_CLASS = YES_ERROR;
				CLANG_WARN_QUOTED_INCLUDE_IN_FRAMEWORK_HEADER = YES;
				CLANG_WARN_RANGE_LOOP_ANALYSIS = YES;
				CLANG_WARN_STRICT_PROTOTYPES = YES;
				CLANG_WARN_SUSPICIOUS_MOVE = YES;
				CLANG_WARN_UNGUARDED_AVAILABILITY = YES_AGGRESSIVE;
				CLANG_WARN_UNREACHABLE_CODE = YES;
				CLANG_WARN__DUPLICATE_METHOD_MATCH = YES;
				COPY_PHASE_STRIP = NO;
				DEBUG_INFORMATION_FORMAT = dwarf;
				ENABLE_STRICT_OBJC_MSGSEND = YES;
				ENABLE_TESTABILITY = YES;
				GCC_C_LANGUAGE_STANDARD = gnu11;
				GCC_DYNAMIC_NO_PIC = NO;
				GCC_NO_COMMON_BLOCKS = YES;
				GCC_OPTIMIZATION_LEVEL = 0;
				GCC_PREPROCESSOR_DEFINITIONS = (
					"DEBUG=1",
					"$(inherited)",
				);
				GCC_WARN_64_TO_32_BIT_CONVERSION = YES;
				GCC_WARN_ABOUT_RETURN_TYPE = YES_ERROR;
				GCC_WARN_UNDECLARED_SELECTOR = YES;
				GCC_WARN_UNINITIALIZED_AUTOS = YES_AGGRESSIVE;
				GCC_WARN_UNUSED_FUNCTION = YES;
				GCC_WARN_UNUSED_VARIABLE = YES;
				IPHONEOS_DEPLOYMENT_TARGET = 16.2;
				MTL_ENABLE_DEBUG_INFO = INCLUDE_SOURCE;
				MTL_FAST_MATH = YES;
				ONLY_ACTIVE_ARCH = YES;
				SDKROOT = iphoneos;
				SWIFT_ACTIVE_COMPILATION_CONDITIONS = DEBUG;
				SWIFT_OPTIMIZATION_LEVEL = "-Onone";
			};
			name = Debug;
		};
		09EFB94829D39BDB004EB172 /* Release */ = {
			isa = XCBuildConfiguration;
			buildSettings = {
				ALWAYS_SEARCH_USER_PATHS = NO;
				CLANG_ANALYZER_NONNULL = YES;
				CLANG_ANALYZER_NUMBER_OBJECT_CONVERSION = YES_AGGRESSIVE;
				CLANG_CXX_LANGUAGE_STANDARD = "gnu++20";
				CLANG_ENABLE_MODULES = YES;
				CLANG_ENABLE_OBJC_ARC = YES;
				CLANG_ENABLE_OBJC_WEAK = YES;
				CLANG_WARN_BLOCK_CAPTURE_AUTORELEASING = YES;
				CLANG_WARN_BOOL_CONVERSION = YES;
				CLANG_WARN_COMMA = YES;
				CLANG_WARN_CONSTANT_CONVERSION = YES;
				CLANG_WARN_DEPRECATED_OBJC_IMPLEMENTATIONS = YES;
				CLANG_WARN_DIRECT_OBJC_ISA_USAGE = YES_ERROR;
				CLANG_WARN_DOCUMENTATION_COMMENTS = YES;
				CLANG_WARN_EMPTY_BODY = YES;
				CLANG_WARN_ENUM_CONVERSION = YES;
				CLANG_WARN_INFINITE_RECURSION = YES;
				CLANG_WARN_INT_CONVERSION = YES;
				CLANG_WARN_NON_LITERAL_NULL_CONVERSION = YES;
				CLANG_WARN_OBJC_IMPLICIT_RETAIN_SELF = YES;
				CLANG_WARN_OBJC_LITERAL_CONVERSION = YES;
				CLANG_WARN_OBJC_ROOT_CLASS = YES_ERROR;
				CLANG_WARN_QUOTED_INCLUDE_IN_FRAMEWORK_HEADER = YES;
				CLANG_WARN_RANGE_LOOP_ANALYSIS = YES;
				CLANG_WARN_STRICT_PROTOTYPES = YES;
				CLANG_WARN_SUSPICIOUS_MOVE = YES;
				CLANG_WARN_UNGUARDED_AVAILABILITY = YES_AGGRESSIVE;
				CLANG_WARN_UNREACHABLE_CODE = YES;
				CLANG_WARN__DUPLICATE_METHOD_MATCH = YES;
				COPY_PHASE_STRIP = NO;
				DEBUG_INFORMATION_FORMAT = "dwarf-with-dsym";
				ENABLE_NS_ASSERTIONS = NO;
				ENABLE_STRICT_OBJC_MSGSEND = YES;
				GCC_C_LANGUAGE_STANDARD = gnu11;
				GCC_NO_COMMON_BLOCKS = YES;
				GCC_WARN_64_TO_32_BIT_CONVERSION = YES;
				GCC_WARN_ABOUT_RETURN_TYPE = YES_ERROR;
				GCC_WARN_UNDECLARED_SELECTOR = YES;
				GCC_WARN_UNINITIALIZED_AUTOS = YES_AGGRESSIVE;
				GCC_WARN_UNUSED_FUNCTION = YES;
				GCC_WARN_UNUSED_VARIABLE = YES;
				IPHONEOS_DEPLOYMENT_TARGET = 16.2;
				MTL_ENABLE_DEBUG_INFO = NO;
				MTL_FAST_MATH = YES;
				SDKROOT = iphoneos;
				SWIFT_COMPILATION_MODE = wholemodule;
				SWIFT_OPTIMIZATION_LEVEL = "-O";
				VALIDATE_PRODUCT = YES;
			};
			name = Release;
		};
		09EFB94A29D39BDB004EB172 /* Debug */ = {
			isa = XCBuildConfiguration;
			buildSettings = {
				ASSETCATALOG_COMPILER_APPICON_NAME = AppIcon;
				ASSETCATALOG_COMPILER_GLOBAL_ACCENT_COLOR_NAME = AccentColor;
				CODE_SIGN_STYLE = Automatic;
				CURRENT_PROJECT_VERSION = 1;
				GENERATE_INFOPLIST_FILE = YES;
				INFOPLIST_FILE = EventsApp/Info.plist;
				INFOPLIST_KEY_UIApplicationSupportsIndirectInputEvents = YES;
				INFOPLIST_KEY_UILaunchStoryboardName = LaunchScreen;
				INFOPLIST_KEY_UIMainStoryboardFile = Main;
				INFOPLIST_KEY_UISupportedInterfaceOrientations_iPad = "UIInterfaceOrientationPortrait UIInterfaceOrientationPortraitUpsideDown UIInterfaceOrientationLandscapeLeft UIInterfaceOrientationLandscapeRight";
				INFOPLIST_KEY_UISupportedInterfaceOrientations_iPhone = "UIInterfaceOrientationPortrait UIInterfaceOrientationLandscapeLeft UIInterfaceOrientationLandscapeRight";
				LD_RUNPATH_SEARCH_PATHS = (
					"$(inherited)",
					"@executable_path/Frameworks",
				);
				MARKETING_VERSION = 1.0;
				PRODUCT_BUNDLE_IDENTIFIER = oyb.mango.EventsApp;
				PRODUCT_NAME = "$(TARGET_NAME)";
				SWIFT_EMIT_LOC_STRINGS = YES;
				SWIFT_VERSION = 5.0;
				TARGETED_DEVICE_FAMILY = "1,2";
			};
			name = Debug;
		};
		09EFB94B29D39BDB004EB172 /* Release */ = {
			isa = XCBuildConfiguration;
			buildSettings = {
				ASSETCATALOG_COMPILER_APPICON_NAME = AppIcon;
				ASSETCATALOG_COMPILER_GLOBAL_ACCENT_COLOR_NAME = AccentColor;
				CODE_SIGN_STYLE = Automatic;
				CURRENT_PROJECT_VERSION = 1;
				GENERATE_INFOPLIST_FILE = YES;
				INFOPLIST_FILE = EventsApp/Info.plist;
				INFOPLIST_KEY_UIApplicationSupportsIndirectInputEvents = YES;
				INFOPLIST_KEY_UILaunchStoryboardName = LaunchScreen;
				INFOPLIST_KEY_UIMainStoryboardFile = Main;
				INFOPLIST_KEY_UISupportedInterfaceOrientations_iPad = "UIInterfaceOrientationPortrait UIInterfaceOrientationPortraitUpsideDown UIInterfaceOrientationLandscapeLeft UIInterfaceOrientationLandscapeRight";
				INFOPLIST_KEY_UISupportedInterfaceOrientations_iPhone = "UIInterfaceOrientationPortrait UIInterfaceOrientationLandscapeLeft UIInterfaceOrientationLandscapeRight";
				LD_RUNPATH_SEARCH_PATHS = (
					"$(inherited)",
					"@executable_path/Frameworks",
				);
				MARKETING_VERSION = 1.0;
				PRODUCT_BUNDLE_IDENTIFIER = oyb.mango.EventsApp;
				PRODUCT_NAME = "$(TARGET_NAME)";
				SWIFT_EMIT_LOC_STRINGS = YES;
				SWIFT_VERSION = 5.0;
				TARGETED_DEVICE_FAMILY = "1,2";
			};
			name = Release;
		};
		09EFB94D29D39BDB004EB172 /* Debug */ = {
			isa = XCBuildConfiguration;
			buildSettings = {
				ALWAYS_EMBED_SWIFT_STANDARD_LIBRARIES = YES;
				BUNDLE_LOADER = "$(TEST_HOST)";
				CODE_SIGN_STYLE = Automatic;
				CURRENT_PROJECT_VERSION = 1;
				GENERATE_INFOPLIST_FILE = YES;
				IPHONEOS_DEPLOYMENT_TARGET = 16.2;
				MARKETING_VERSION = 1.0;
				PRODUCT_BUNDLE_IDENTIFIER = oyb.mango.EventsAppTests;
				PRODUCT_NAME = "$(TARGET_NAME)";
				SWIFT_EMIT_LOC_STRINGS = NO;
				SWIFT_VERSION = 5.0;
				TARGETED_DEVICE_FAMILY = "1,2";
				TEST_HOST = "$(BUILT_PRODUCTS_DIR)/EventsApp.app/$(BUNDLE_EXECUTABLE_FOLDER_PATH)/EventsApp";
			};
			name = Debug;
		};
		09EFB94E29D39BDB004EB172 /* Release */ = {
			isa = XCBuildConfiguration;
			buildSettings = {
				ALWAYS_EMBED_SWIFT_STANDARD_LIBRARIES = YES;
				BUNDLE_LOADER = "$(TEST_HOST)";
				CODE_SIGN_STYLE = Automatic;
				CURRENT_PROJECT_VERSION = 1;
				GENERATE_INFOPLIST_FILE = YES;
				IPHONEOS_DEPLOYMENT_TARGET = 16.2;
				MARKETING_VERSION = 1.0;
				PRODUCT_BUNDLE_IDENTIFIER = oyb.mango.EventsAppTests;
				PRODUCT_NAME = "$(TARGET_NAME)";
				SWIFT_EMIT_LOC_STRINGS = NO;
				SWIFT_VERSION = 5.0;
				TARGETED_DEVICE_FAMILY = "1,2";
				TEST_HOST = "$(BUILT_PRODUCTS_DIR)/EventsApp.app/$(BUNDLE_EXECUTABLE_FOLDER_PATH)/EventsApp";
			};
			name = Release;
		};
		09EFB95029D39BDB004EB172 /* Debug */ = {
			isa = XCBuildConfiguration;
			buildSettings = {
				ALWAYS_EMBED_SWIFT_STANDARD_LIBRARIES = YES;
				CODE_SIGN_STYLE = Automatic;
				CURRENT_PROJECT_VERSION = 1;
				GENERATE_INFOPLIST_FILE = YES;
				MARKETING_VERSION = 1.0;
				PRODUCT_BUNDLE_IDENTIFIER = oyb.mango.EventsAppUITests;
				PRODUCT_NAME = "$(TARGET_NAME)";
				SWIFT_EMIT_LOC_STRINGS = NO;
				SWIFT_VERSION = 5.0;
				TARGETED_DEVICE_FAMILY = "1,2";
				TEST_TARGET_NAME = EventsApp;
			};
			name = Debug;
		};
		09EFB95129D39BDB004EB172 /* Release */ = {
			isa = XCBuildConfiguration;
			buildSettings = {
				ALWAYS_EMBED_SWIFT_STANDARD_LIBRARIES = YES;
				CODE_SIGN_STYLE = Automatic;
				CURRENT_PROJECT_VERSION = 1;
				GENERATE_INFOPLIST_FILE = YES;
				MARKETING_VERSION = 1.0;
				PRODUCT_BUNDLE_IDENTIFIER = oyb.mango.EventsAppUITests;
				PRODUCT_NAME = "$(TARGET_NAME)";
				SWIFT_EMIT_LOC_STRINGS = NO;
				SWIFT_VERSION = 5.0;
				TARGETED_DEVICE_FAMILY = "1,2";
				TEST_TARGET_NAME = EventsApp;
			};
			name = Release;
		};
/* End XCBuildConfiguration section */

/* Begin XCConfigurationList section */
		09EFB91A29D39BD9004EB172 /* Build configuration list for PBXProject "EventsApp" */ = {
			isa = XCConfigurationList;
			buildConfigurations = (
				09EFB94729D39BDB004EB172 /* Debug */,
				09EFB94829D39BDB004EB172 /* Release */,
			);
			defaultConfigurationIsVisible = 0;
			defaultConfigurationName = Release;
		};
		09EFB94929D39BDB004EB172 /* Build configuration list for PBXNativeTarget "EventsApp" */ = {
			isa = XCConfigurationList;
			buildConfigurations = (
				09EFB94A29D39BDB004EB172 /* Debug */,
				09EFB94B29D39BDB004EB172 /* Release */,
			);
			defaultConfigurationIsVisible = 0;
			defaultConfigurationName = Release;
		};
		09EFB94C29D39BDB004EB172 /* Build configuration list for PBXNativeTarget "EventsAppTests" */ = {
			isa = XCConfigurationList;
			buildConfigurations = (
				09EFB94D29D39BDB004EB172 /* Debug */,
				09EFB94E29D39BDB004EB172 /* Release */,
			);
			defaultConfigurationIsVisible = 0;
			defaultConfigurationName = Release;
		};
		09EFB94F29D39BDB004EB172 /* Build configuration list for PBXNativeTarget "EventsAppUITests" */ = {
			isa = XCConfigurationList;
			buildConfigurations = (
				09EFB95029D39BDB004EB172 /* Debug */,
				09EFB95129D39BDB004EB172 /* Release */,
			);
			defaultConfigurationIsVisible = 0;
			defaultConfigurationName = Release;
		};
/* End XCConfigurationList section */

/* Begin XCVersionGroup section */
		09EFB96029D4A1C3004EB172 /* EventsApp.xcdatamodeld */ = {
			isa = XCVersionGroup;
			children = (
				09EFB96129D4A1C3004EB172 /* EventsApp.xcdatamodel */,
			);
			currentVersion = 09EFB96129D4A1C3004EB172 /* EventsApp.xcdatamodel */;
			path = EventsApp.xcdatamodeld;
			sourceTree = "<group>";
			versionGroupType = wrapper.xcdatamodel;
		};
/* End XCVersionGroup section */
	};
	rootObject = 09EFB91729D39BD9004EB172 /* Project object */;
}
